github.com/davecgh/go-spew v1.1.1 h1:vj9j/u1bqnvCEfJOwUhtlOARqs3+rkHYY13jYWTU97c=
github.com/davecgh/go-spew v1.1.1/go.mod h1:J7Y8YcW2NihsgmVo/mv3lAwl/skON4iLHjSsI+c5H38=
github.com/go-ole/go-ole v1.2.6 h1:/Fpf6oFPoeFik9ty7siob0G6Ke8QvQEuVcuChpwXzpY=
github.com/go-ole/go-ole v1.2.6/go.mod h1:pprOEPIfldk/42T2oK7lQ4v4JSDwmV0As9GaiUsvbm0=
github.com/gofrs/flock v0.12.1 h1:MTLVXXHf8ekldpJk3AKicLij9MdwOWkZ+a/jHHZby9E=
github.com/gofrs/flock v0.12.1/go.mod h1:9zxTsyu5xtJ9DK+1tFZyibEV7y3uwDxPPfbxeeHCoD0=
github.com/jpillora/s3 v1.1.4 h1:YCCKDWzb/Ye9EBNd83ATRF/8wPEy0xd43Rezb6u6fzc=
github.com/jpillora/s3 v1.1.4/go.mod h1:yedE603V+crlFi1Kl/5vZJaBu9pUzE9wvKegU/lF2zs=
github.com/pmezard/go-difflib v1.0.0 h1:4DBwDE0NGyQoBHbLQYPwSUPoCMWR5BEzIk/f1lZbAQM=
github.com/pmezard/go-difflib v1.0.0/go.mod h1:iKH77koFhYxTK1pcRnkKkqfTogsbg7gZNVY4sRDYZ/4=
github.com/smartystreets/assertions v1.0.1 h1:voD4ITNjPL5jjBfgR/r8fPIIBrliWrWHeiJApdr3r4w=
github.com/smartystreets/assertions v1.0.1/go.mod h1:kHHU4qYBaI3q23Pp3VPrmWhuIUrLW/7eUrw0BU5VaoM=
github.com/smartystreets/gunit v1.1.3 h1:32x+htJCu3aMswhPw3teoJ+PnWPONqdNgaGs6Qt8ZaU=
github.com/smartystreets/gunit v1.1.3/go.mod h1:EH5qMBab2UclzXUcpR8b93eHsIlp9u+pDQIRp5DZNzQ=
github.com/stretchr/testify v1.9.0 h1:HtqpIVDClZ4nwg75+f6Lvsy/wHu+3BoSGCbBAcpTsTg=
github.com/stretchr/testify v1.9.0/go.mod h1:r2ic/lqez/lEtzL7wO/rwa5dbSLXVDPFyf8C91i36aY=
github.com/trufflesecurity/touchfile v0.1.1 h1:Snhd5VEa8Cxd+D60nvLEj2kVeb1omY2tWwnhDhjTqdo=
github.com/trufflesecurity/touchfile v0.1.1/go.mod h1:Yg/AUMrxAk+dWDUjIig0OyGgFOHFuWNw+t2S/GvO6Mk=
github.com/yusufpapurcu/wmi v1.2.2 h1:KBNDSne4vP5mbSWnJbO+51IMOXJB67QiYCSBrubbPRg=
github.com/yusufpapurcu/wmi v1.2.2/go.mod h1:SBZ9tNy3G9/m5Oi98Zks0QjeHVDvuK0qfxQmPyzfmi0=
golang.org/x/sys v0.0.0-20190916202348-b4ddaad3f8a3/go.mod h1:h1NjWce9XRLGQEsW7wpKNCjG9DtNlClVuFLEZdDNbEs=
golang.org/x/sys v0.22.0 h1:RI27ohtqKCnwULzJLqkv897zojh5/DwS/ENaMzUOaWI=
golang.org/x/sys v0.22.0/go.mod h1:/VUhepiaJMQUp4+oa/7Zr1D23ma6VTLIYjOOTFZPUcA=
gopkg.in/yaml.v3 v3.0.1 h1:fxVm/GzAzEWqLHuvctI91KS9hhNmmWOoWu0XTYJS7CA=
gopkg.in/yaml.v3 v3.0.1/go.mod h1:K4uyk7z7BCEPqu6E+C64Yfv1cQ7kz7rIZviUmN+EgEM=
